
Microsoft Visual Studio Solution File, Format Version 12.00
# Visual Studio Version 17
VisualStudioVersion = 17.6.33712.159
MinimumVisualStudioVersion = 10.0.40219.1
Project("{FAE04EC0-301F-11D3-BF4B-00C04F79EFBC}") = "it_run_day_1_task1", "it_run_day_1_task1\it_run_day_1_task1.csproj", "{459AE789-9FD8-4766-8424-66E83AC6BA13}"
EndProject
Global
	GlobalSection(SolutionConfigurationPlatforms) = preSolution
		Debug|Any CPU = Debug|Any CPU
		Release|Any CPU = Release|Any CPU
	EndGlobalSection
	GlobalSection(ProjectConfigurationPlatforms) = postSolution
		{459AE789-9FD8-4766-8424-66E83AC6BA13}.Debug|Any CPU.ActiveCfg = Debug|Any CPU
		{459AE789-9FD8-4766-8424-66E83AC6BA13}.Debug|Any CPU.Build.0 = Debug|Any CPU
		{459AE789-9FD8-4766-8424-66E83AC6BA13}.Release|Any CPU.ActiveCfg = Release|Any CPU
		{459AE789-9FD8-4766-8424-66E83AC6BA13}.Release|Any CPU.Build.0 = Release|Any CPU
	EndGlobalSection
	GlobalSection(SolutionProperties) = preSolution
		HideSolutionNode = FALSE
	EndGlobalSection
	GlobalSection(ExtensibilityGlobals) = postSolution
		SolutionGuid = {7F81F938-9DB2-4057-88EF-AAE3A068031A}
	EndGlobalSection
EndGlobal
