
Microsoft Visual Studio Solution File, Format Version 12.00
# Visual Studio Version 17
VisualStudioVersion = 17.6.33723.286
MinimumVisualStudioVersion = 10.0.40219.1
Project("{FAE04EC0-301F-11D3-BF4B-00C04F79EFBC}") = "DAY_8_oop", "DAY_8_oop\DAY_8_oop.csproj", "{0DBEF2EF-78C7-4E75-876D-29A27508639E}"
EndProject
Global
	GlobalSection(SolutionConfigurationPlatforms) = preSolution
		Debug|Any CPU = Debug|Any CPU
		Release|Any CPU = Release|Any CPU
	EndGlobalSection
	GlobalSection(ProjectConfigurationPlatforms) = postSolution
		{0DBEF2EF-78C7-4E75-876D-29A27508639E}.Debug|Any CPU.ActiveCfg = Debug|Any CPU
		{0DBEF2EF-78C7-4E75-876D-29A27508639E}.Debug|Any CPU.Build.0 = Debug|Any CPU
		{0DBEF2EF-78C7-4E75-876D-29A27508639E}.Release|Any CPU.ActiveCfg = Release|Any CPU
		{0DBEF2EF-78C7-4E75-876D-29A27508639E}.Release|Any CPU.Build.0 = Release|Any CPU
	EndGlobalSection
	GlobalSection(SolutionProperties) = preSolution
		HideSolutionNode = FALSE
	EndGlobalSection
	GlobalSection(ExtensibilityGlobals) = postSolution
		SolutionGuid = {FE9D6B6F-229C-4E3C-BD0F-DE66E67B5FF1}
	EndGlobalSection
EndGlobal
